
Microsoft Visual Studio Solution File, Format Version 12.00
# Visual Studio Version 17
VisualStudioVersion = 17.9.34728.123
MinimumVisualStudioVersion = 10.0.40219.1
Project("{FAE04EC0-301F-11D3-BF4B-00C04F79EFBC}") = "AddButtonToUI", "AddButtonToUI.csproj", "{865E719F-FBFC-4831-9C25-E382D38BD65A}"
EndProject
Global
	GlobalSection(SolutionConfigurationPlatforms) = preSolution
		Debug|Any CPU = Debug|Any CPU
		Release|Any CPU = Release|Any CPU
	EndGlobalSection
	GlobalSection(ProjectConfigurationPlatforms) = postSolution
		{865E719F-FBFC-4831-9C25-E382D38BD65A}.Debug|Any CPU.ActiveCfg = Debug|Any CPU
		{865E719F-FBFC-4831-9C25-E382D38BD65A}.Debug|Any CPU.Build.0 = Debug|Any CPU
		{865E719F-FBFC-4831-9C25-E382D38BD65A}.Release|Any CPU.ActiveCfg = Release|Any CPU
		{865E719F-FBFC-4831-9C25-E382D38BD65A}.Release|Any CPU.Build.0 = Release|Any CPU
	EndGlobalSection
	GlobalSection(SolutionProperties) = preSolution
		HideSolutionNode = FALSE
	EndGlobalSection
	GlobalSection(ExtensibilityGlobals) = postSolution
		SolutionGuid = {40CFE132-5538-45EE-961C-C51A247F10CD}
	EndGlobalSection
EndGlobal
